dependencies:
  espressif/esp_modem:
    component_hash: 40af7f39c6c8c0c85c98014721fca8d9d2186f18f70645c66b94548192cf1e03
    dependencies:
    - name: idf
      require: private
      version: '>=4.1'
    source:
      registry_url: https://components.espressif.com/
      type: service
    version: 1.4.2
  idf:
    source:
      type: idf
    version: 5.5.1
direct_dependencies:
- espressif/esp_modem
- idf
manifest_hash: b8ebbc1025fbf7a2550fe7c2ce2b695dbcdfb802474e30092ced0bd8e6052f3e
target: esp32s3
version: 2.0.0
